
Microsoft Visual Studio Solution File, Format Version 12.00
# Visual Studio Version 16
VisualStudioVersion = 16.0.33423.256
MinimumVisualStudioVersion = 10.0.40219.1
Project("{FAE04EC0-301F-11D3-BF4B-00C04F79EFBC}") = "SInclair_Loader", "SInclair_Loader.csproj", "{D869C595-09FD-4525-BB3C-164AF03757B0}"
EndProject
Global
	GlobalSection(SolutionConfigurationPlatforms) = preSolution
		Debug|Any CPU = Debug|Any CPU
		Release|Any CPU = Release|Any CPU
	EndGlobalSection
	GlobalSection(ProjectConfigurationPlatforms) = postSolution
		{D869C595-09FD-4525-BB3C-164AF03757B0}.Debug|Any CPU.ActiveCfg = Debug|Any CPU
		{D869C595-09FD-4525-BB3C-164AF03757B0}.Debug|Any CPU.Build.0 = Debug|Any CPU
		{D869C595-09FD-4525-BB3C-164AF03757B0}.Release|Any CPU.ActiveCfg = Release|Any CPU
		{D869C595-09FD-4525-BB3C-164AF03757B0}.Release|Any CPU.Build.0 = Release|Any CPU
	EndGlobalSection
	GlobalSection(SolutionProperties) = preSolution
		HideSolutionNode = FALSE
	EndGlobalSection
	GlobalSection(ExtensibilityGlobals) = postSolution
		SolutionGuid = {6A8E4ED8-5A82-4FEA-A145-B696C75CCF73}
	EndGlobalSection
EndGlobal
